
Microsoft Visual Studio Solution File, Format Version 12.00
# Visual Studio 15
VisualStudioVersion = 15.0.28307.438
MinimumVisualStudioVersion = 10.0.40219.1
Project("{FAE04EC0-301F-11D3-BF4B-00C04F79EFBC}") = "cardealership", "cardealership\cardealership.csproj", "{13D977D1-0C49-468B-A467-308AC9E32177}"
EndProject
Global
	GlobalSection(SolutionConfigurationPlatforms) = preSolution
		Debug|Any CPU = Debug|Any CPU
		Release|Any CPU = Release|Any CPU
	EndGlobalSection
	GlobalSection(ProjectConfigurationPlatforms) = postSolution
		{13D977D1-0C49-468B-A467-308AC9E32177}.Debug|Any CPU.ActiveCfg = Debug|Any CPU
		{13D977D1-0C49-468B-A467-308AC9E32177}.Debug|Any CPU.Build.0 = Debug|Any CPU
		{13D977D1-0C49-468B-A467-308AC9E32177}.Release|Any CPU.ActiveCfg = Release|Any CPU
		{13D977D1-0C49-468B-A467-308AC9E32177}.Release|Any CPU.Build.0 = Release|Any CPU
	EndGlobalSection
	GlobalSection(SolutionProperties) = preSolution
		HideSolutionNode = FALSE
	EndGlobalSection
	GlobalSection(ExtensibilityGlobals) = postSolution
		SolutionGuid = {8B7BDD60-76A7-4F9E-B8E2-6815E74420D0}
	EndGlobalSection
EndGlobal
